Microsoft Visual Studio Solution File, Format Version 12.00
# Visual Studio Version 17
VisualStudioVersion = 17.5.2.0
MinimumVisualStudioVersion = 10.0.40219.1
Project("{FAE04EC0-301F-11D3-BF4B-00C04F79EFBC}") = "EdlToMediaSegments", "EdlToMediaSegments.csproj", "{874F0F79-2BE3-4C90-91E2-DB340436B594}"
EndProject
Global
	GlobalSection(SolutionConfigurationPlatforms) = preSolution
		Debug|Any CPU = Debug|Any CPU
		Release|Any CPU = Release|Any CPU
	EndGlobalSection
	GlobalSection(ProjectConfigurationPlatforms) = postSolution
		{874F0F79-2BE3-4C90-91E2-DB340436B594}.Debug|Any CPU.ActiveCfg = Debug|Any CPU
		{874F0F79-2BE3-4C90-91E2-DB340436B594}.Debug|Any CPU.Build.0 = Debug|Any CPU
		{874F0F79-2BE3-4C90-91E2-DB340436B594}.Release|Any CPU.ActiveCfg = Release|Any CPU
		{874F0F79-2BE3-4C90-91E2-DB340436B594}.Release|Any CPU.Build.0 = Release|Any CPU
	EndGlobalSection
	GlobalSection(SolutionProperties) = preSolution
		HideSolutionNode = FALSE
	EndGlobalSection
	GlobalSection(ExtensibilityGlobals) = postSolution
		SolutionGuid = {E57989B5-EF27-4069-866F-D46BC6048CAB}
	EndGlobalSection
EndGlobal
